
Microsoft Visual Studio Solution File, Format Version 12.00
# Visual Studio Version 18
VisualStudioVersion = 18.6.11709.129
MinimumVisualStudioVersion = 10.0.40219.1
Project("{FAE04EC0-301F-11D3-BF4B-00C04F79EFBC}") = "WallpaperApi.Data", "WallpaperApi.Data\WallpaperApi.Data.csproj", "{113F4715-09EE-4D41-A926-271C66823689}"
EndProject
Project("{FAE04EC0-301F-11D3-BF4B-00C04F79EFBC}") = "WallpaperApi.Services", "WallpaperApi.Services\WallpaperApi.Services.csproj", "{9F6AC0B1-65E5-484F-A015-905551A292D3}"
EndProject
Project("{FAE04EC0-301F-11D3-BF4B-00C04F79EFBC}") = "WallpaperApi", "WallpaperApi\WallpaperApi.csproj", "{0EE5076E-4C25-801A-2298-2A7681457AD9}"
EndProject
Global
	GlobalSection(SolutionConfigurationPlatforms) = preSolution
		Debug|Any CPU = Debug|Any CPU
		Release|Any CPU = Release|Any CPU
	EndGlobalSection
	GlobalSection(ProjectConfigurationPlatforms) = postSolution
		{113F4715-09EE-4D41-A926-271C66823689}.Debug|Any CPU.ActiveCfg = Debug|Any CPU
		{113F4715-09EE-4D41-A926-271C66823689}.Debug|Any CPU.Build.0 = Debug|Any CPU
		{113F4715-09EE-4D41-A926-271C66823689}.Release|Any CPU.ActiveCfg = Release|Any CPU
		{113F4715-09EE-4D41-A926-271C66823689}.Release|Any CPU.Build.0 = Release|Any CPU
		{9F6AC0B1-65E5-484F-A015-905551A292D3}.Debug|Any CPU.ActiveCfg = Debug|Any CPU
		{9F6AC0B1-65E5-484F-A015-905551A292D3}.Debug|Any CPU.Build.0 = Debug|Any CPU
		{9F6AC0B1-65E5-484F-A015-905551A292D3}.Release|Any CPU.ActiveCfg = Release|Any CPU
		{9F6AC0B1-65E5-484F-A015-905551A292D3}.Release|Any CPU.Build.0 = Release|Any CPU
		{0EE5076E-4C25-801A-2298-2A7681457AD9}.Debug|Any CPU.ActiveCfg = Debug|Any CPU
		{0EE5076E-4C25-801A-2298-2A7681457AD9}.Debug|Any CPU.Build.0 = Debug|Any CPU
		{0EE5076E-4C25-801A-2298-2A7681457AD9}.Release|Any CPU.ActiveCfg = Release|Any CPU
		{0EE5076E-4C25-801A-2298-2A7681457AD9}.Release|Any CPU.Build.0 = Release|Any CPU
	EndGlobalSection
	GlobalSection(SolutionProperties) = preSolution
		HideSolutionNode = FALSE
	EndGlobalSection
	GlobalSection(ExtensibilityGlobals) = postSolution
		SolutionGuid = {C29600B5-2EB6-4D78-B919-82081E0B81C1}
	EndGlobalSection
EndGlobal
